
Microsoft Visual Studio Solution File, Format Version 12.00
# Visual Studio Version 17
VisualStudioVersion = 17.0.31903.59
MinimumVisualStudioVersion = 10.0.40219.1
Project("{2150E333-8FDC-42A3-9474-1A3956D46DE8}") = "src", "src", "{93F6E994-896C-48A3-B410-1C90BEE81AE5}"
EndProject
Project("{FAE04EC0-301F-11D3-BF4B-00C04F79EFBC}") = "AuctionService", "src\AuctionService\AuctionService.csproj", "{2E545108-515D-4CAA-A3D5-B3CC5E0216A8}"
EndProject
Project("{FAE04EC0-301F-11D3-BF4B-00C04F79EFBC}") = "SearchService", "src\SearchService\SearchService.csproj", "{753247B7-D098-46AC-A594-4CBBEE7898D8}"
EndProject
Project("{FAE04EC0-301F-11D3-BF4B-00C04F79EFBC}") = "Contracts", "src\Contracts\Contracts.csproj", "{8B88EB1A-3168-4B08-B45A-638D26EA12C4}"
EndProject
Project("{FAE04EC0-301F-11D3-BF4B-00C04F79EFBC}") = "IdentityService", "src\IdentityService\IdentityService.csproj", "{7B6F25E1-53F1-44EE-8A1C-1A8D20D183B0}"
EndProject
Project("{FAE04EC0-301F-11D3-BF4B-00C04F79EFBC}") = "GatewayService", "src\GatewayService\GatewayService.csproj", "{5C754D4D-4E09-434F-AB6A-B635B923B306}"
EndProject
Project("{FAE04EC0-301F-11D3-BF4B-00C04F79EFBC}") = "BiddingService", "src\BiddingService\BiddingService.csproj", "{8A506988-6CAB-4A7D-9FBE-4E710AAD4A3E}"
EndProject
Global
	GlobalSection(SolutionConfigurationPlatforms) = preSolution
		Debug|Any CPU = Debug|Any CPU
		Release|Any CPU = Release|Any CPU
	EndGlobalSection
	GlobalSection(SolutionProperties) = preSolution
		HideSolutionNode = FALSE
	EndGlobalSection
	GlobalSection(ProjectConfigurationPlatforms) = postSolution
		{2E545108-515D-4CAA-A3D5-B3CC5E0216A8}.Debug|Any CPU.ActiveCfg = Debug|Any CPU
		{2E545108-515D-4CAA-A3D5-B3CC5E0216A8}.Debug|Any CPU.Build.0 = Debug|Any CPU
		{2E545108-515D-4CAA-A3D5-B3CC5E0216A8}.Release|Any CPU.ActiveCfg = Release|Any CPU
		{2E545108-515D-4CAA-A3D5-B3CC5E0216A8}.Release|Any CPU.Build.0 = Release|Any CPU
		{753247B7-D098-46AC-A594-4CBBEE7898D8}.Debug|Any CPU.ActiveCfg = Debug|Any CPU
		{753247B7-D098-46AC-A594-4CBBEE7898D8}.Debug|Any CPU.Build.0 = Debug|Any CPU
		{753247B7-D098-46AC-A594-4CBBEE7898D8}.Release|Any CPU.ActiveCfg = Release|Any CPU
		{753247B7-D098-46AC-A594-4CBBEE7898D8}.Release|Any CPU.Build.0 = Release|Any CPU
		{8B88EB1A-3168-4B08-B45A-638D26EA12C4}.Debug|Any CPU.ActiveCfg = Debug|Any CPU
		{8B88EB1A-3168-4B08-B45A-638D26EA12C4}.Debug|Any CPU.Build.0 = Debug|Any CPU
		{8B88EB1A-3168-4B08-B45A-638D26EA12C4}.Release|Any CPU.ActiveCfg = Release|Any CPU
		{8B88EB1A-3168-4B08-B45A-638D26EA12C4}.Release|Any CPU.Build.0 = Release|Any CPU
		{7B6F25E1-53F1-44EE-8A1C-1A8D20D183B0}.Debug|Any CPU.ActiveCfg = Debug|Any CPU
		{7B6F25E1-53F1-44EE-8A1C-1A8D20D183B0}.Debug|Any CPU.Build.0 = Debug|Any CPU
		{7B6F25E1-53F1-44EE-8A1C-1A8D20D183B0}.Release|Any CPU.ActiveCfg = Release|Any CPU
		{7B6F25E1-53F1-44EE-8A1C-1A8D20D183B0}.Release|Any CPU.Build.0 = Release|Any CPU
		{5C754D4D-4E09-434F-AB6A-B635B923B306}.Debug|Any CPU.ActiveCfg = Debug|Any CPU
		{5C754D4D-4E09-434F-AB6A-B635B923B306}.Debug|Any CPU.Build.0 = Debug|Any CPU
		{5C754D4D-4E09-434F-AB6A-B635B923B306}.Release|Any CPU.ActiveCfg = Release|Any CPU
		{5C754D4D-4E09-434F-AB6A-B635B923B306}.Release|Any CPU.Build.0 = Release|Any CPU
		{8A506988-6CAB-4A7D-9FBE-4E710AAD4A3E}.Debug|Any CPU.ActiveCfg = Debug|Any CPU
		{8A506988-6CAB-4A7D-9FBE-4E710AAD4A3E}.Debug|Any CPU.Build.0 = Debug|Any CPU
		{8A506988-6CAB-4A7D-9FBE-4E710AAD4A3E}.Release|Any CPU.ActiveCfg = Release|Any CPU
		{8A506988-6CAB-4A7D-9FBE-4E710AAD4A3E}.Release|Any CPU.Build.0 = Release|Any CPU
	EndGlobalSection
	GlobalSection(NestedProjects) = preSolution
		{2E545108-515D-4CAA-A3D5-B3CC5E0216A8} = {93F6E994-896C-48A3-B410-1C90BEE81AE5}
		{753247B7-D098-46AC-A594-4CBBEE7898D8} = {93F6E994-896C-48A3-B410-1C90BEE81AE5}
		{8B88EB1A-3168-4B08-B45A-638D26EA12C4} = {93F6E994-896C-48A3-B410-1C90BEE81AE5}
		{7B6F25E1-53F1-44EE-8A1C-1A8D20D183B0} = {93F6E994-896C-48A3-B410-1C90BEE81AE5}
		{5C754D4D-4E09-434F-AB6A-B635B923B306} = {93F6E994-896C-48A3-B410-1C90BEE81AE5}
		{8A506988-6CAB-4A7D-9FBE-4E710AAD4A3E} = {93F6E994-896C-48A3-B410-1C90BEE81AE5}
	EndGlobalSection
EndGlobal
